PODS:
  - Flutter (1.0.0)
  - flutter_mapbox_navigation (0.2.2):
    - Flutter
    - MapboxCoreNavigation (~> 2.11)
    - MapboxNavigation (~> 2.11)
  - flutter_secure_storage (6.0.0):
    - Flutter
  - geocoding_ios (1.0.5):
    - Flutter
  - geolocator_apple (1.2.0):
    - Flutter
    - FlutterMacOS
  - Google-Maps-iOS-Utils (5.0.0):
    - GoogleMaps (~> 8.0)
  - google_maps_flutter_ios (0.0.1):
    - Flutter
    - Google-Maps-iOS-Utils (< 7.0, >= 5.0)
    - GoogleMaps (< 10.0, >= 8.4)
  - GoogleMaps (8.4.0):
    - GoogleMaps/Maps (= 8.4.0)
  - GoogleMaps/Base (8.4.0)
  - GoogleMaps/Maps (8.4.0):
    - GoogleMaps/Base
  - MapboxCommon (23.11.4)
  - MapboxCoreMaps (10.19.2):
    - MapboxCommon (~> 23.11)
  - MapboxCoreNavigation (2.19.0):
    - MapboxDirections (~> 2.14)
    - MapboxNavigationNative (< 207.0.0, >= 206.0.1)
  - MapboxDirections (2.14.0):
    - Polyline (~> 5.0)
    - Turf (~> 2.8.0)
  - MapboxMaps (10.19.4):
    - MapboxCommon (= 23.11.4)
    - MapboxCoreMaps (= 10.19.2)
    - MapboxMobileEvents (= 2.0.0)
    - Turf (= 2.8.0)
  - MapboxMobileEvents (2.0.0)
  - MapboxNavigation (2.19.0):
    - MapboxCoreNavigation (= 2.19.0)
    - MapboxMaps (~> 10.18)
    - MapboxSpeech (~> 2.0)
    - Solar-dev (~> 3.0)
  - MapboxNavigationNative (206.1.1):
    - MapboxCommon (~> 23.10)
  - MapboxSpeech (2.1.1)
  - path_provider_foundation (0.0.1):
    - Flutter
    - FlutterMacOS
  - Polyline (5.1.0)
  - shared_preferences_foundation (0.0.1):
    - Flutter
    - FlutterMacOS
  - Solar-dev (3.0.1)
  - Turf (2.8.0)
  - uni_links (0.0.1):
    - Flutter
  - url_launcher_ios (0.0.1):
    - Flutter
  - webview_cookie_manager (0.0.1):
    - Flutter
  - webview_flutter_wkwebview (0.0.1):
    - Flutter
    - FlutterMacOS

DEPENDENCIES:
  - Flutter (from `Flutter`)
  - flutter_mapbox_navigation (from `.symlinks/plugins/flutter_mapbox_navigation/ios`)
  - flutter_secure_storage (from `.symlinks/plugins/flutter_secure_storage/ios`)
  - geocoding_ios (from `.symlinks/plugins/geocoding_ios/ios`)
  - geolocator_apple (from `.symlinks/plugins/geolocator_apple/darwin`)
  - Google-Maps-iOS-Utils (= 5.0.0)
  - google_maps_flutter_ios (from `.symlinks/plugins/google_maps_flutter_ios/ios`)
  - GoogleMaps (= 8.4.0)
  - path_provider_foundation (from `.symlinks/plugins/path_provider_foundation/darwin`)
  - shared_preferences_foundation (from `.symlinks/plugins/shared_preferences_foundation/darwin`)
  - uni_links (from `.symlinks/plugins/uni_links/ios`)
  - url_launcher_ios (from `.symlinks/plugins/url_launcher_ios/ios`)
  - webview_cookie_manager (from `.symlinks/plugins/webview_cookie_manager/ios`)
  - webview_flutter_wkwebview (from `.symlinks/plugins/webview_flutter_wkwebview/darwin`)

SPEC REPOS:
  trunk:
    - Google-Maps-iOS-Utils
    - GoogleMaps
    - MapboxCommon
    - MapboxCoreMaps
    - MapboxCoreNavigation
    - MapboxDirections
    - MapboxMaps
    - MapboxMobileEvents
    - MapboxNavigation
    - MapboxNavigationNative
    - MapboxSpeech
    - Polyline
    - Solar-dev
    - Turf

EXTERNAL SOURCES:
  Flutter:
    :path: Flutter
  flutter_mapbox_navigation:
    :path: ".symlinks/plugins/flutter_mapbox_navigation/ios"
  flutter_secure_storage:
    :path: ".symlinks/plugins/flutter_secure_storage/ios"
  geocoding_ios:
    :path: ".symlinks/plugins/geocoding_ios/ios"
  geolocator_apple:
    :path: ".symlinks/plugins/geolocator_apple/darwin"
  google_maps_flutter_ios:
    :path: ".symlinks/plugins/google_maps_flutter_ios/ios"
  path_provider_foundation:
    :path: ".symlinks/plugins/path_provider_foundation/darwin"
  shared_preferences_foundation:
    :path: ".symlinks/plugins/shared_preferences_foundation/darwin"
  uni_links:
    :path: ".symlinks/plugins/uni_links/ios"
  url_launcher_ios:
    :path: ".symlinks/plugins/url_launcher_ios/ios"
  webview_cookie_manager:
    :path: ".symlinks/plugins/webview_cookie_manager/ios"
  webview_flutter_wkwebview:
    :path: ".symlinks/plugins/webview_flutter_wkwebview/darwin"

SPEC CHECKSUMS:
  Flutter: e0871f40cf51350855a761d2e70bf5af5b9b5de7
  flutter_mapbox_navigation: 95559ba53480e183bb3b38ef7b9e0abd7c0988ba
  flutter_secure_storage: 2c2ff13db9e0a5647389bff88b0ecac56e3f3418
  geocoding_ios: 86f1c479822f07a2f79f7094f2b753d1e9e20215
  geolocator_apple: ab36aa0e8b7d7a2d7639b3b4e48308394e8cef5e
  Google-Maps-iOS-Utils: 66d6de12be1ce6d3742a54661e7a79cb317a9321
  google_maps_flutter_ios: 0291eb2aa252298a769b04d075e4a9d747ff7264
  GoogleMaps: 8939898920281c649150e0af74aa291c60f2e77d
  MapboxCommon: cc47fafe3fe5408ca49240aa80fa64f27f275711
  MapboxCoreMaps: 35685edba03e44468aed57c3dfd7f8795edafda8
  MapboxCoreNavigation: 3be9990fae3ed732a101001746d0e3b4234ec023
  MapboxDirections: 3d468327d3e2ac52ae1be2176004976580cf6fd9
  MapboxMaps: f87023cf0d72b180b40ea0b6fb4b2d7db6b73b71
  MapboxMobileEvents: d044b9edbe0ec7df60f6c2c9634fe9a7f449266b
  MapboxNavigation: da9cf3d773ed5b0fa0fb388fccdaa117ee681f31
  MapboxNavigationNative: d898e5882007b6caea5af158b0dffb7c75e7641d
  MapboxSpeech: cd25ef99c3a3d2e0da72620ff558276ea5991a77
  path_provider_foundation: 080d55be775b7414fd5a5ef3ac137b97b097e564
  Polyline: 2a1f29f87f8d9b7de868940f4f76deb8c678a5b1
  shared_preferences_foundation: 9e1978ff2562383bd5676f64ec4e9aa8fa06a6f7
  Solar-dev: 4612dc9878b9fed2667d23b327f1d4e54e16e8d0
  Turf: aa2ede4298009639d10db36aba1a7ebaad072a5e
  uni_links: ed8c961e47ed9ce42b6d91e1de8049e38a4b3152
  url_launcher_ios: 694010445543906933d732453a59da0a173ae33d
  webview_cookie_manager: d63a76cabdf42a7ea3d92768ac67d4853a1367f8
  webview_flutter_wkwebview: 1821ceac936eba6f7984d89a9f3bcb4dea99ebb2

PODFILE CHECKSUM: 68e26b711db5f2e94fcc150d43124fc30a2e001b

COCOAPODS: 1.16.2
